<Solution>
  <Folder Name="/src/">
    <Project Path="src/BrainRotBlocker.App/BrainRotBlocker.App.csproj" />
    <Project Path="src/BrainRotBlocker.Core/BrainRotBlocker.Core.csproj" />
  </Folder>
  <Folder Name="/tests/">
    <Project Path="tests/BrainRotBlocker.App.Tests/BrainRotBlocker.App.Tests.csproj" />
    <Project Path="tests/BrainRotBlocker.Core.Tests/BrainRotBlocker.Core.Tests.csproj" />
  </Folder>
</Solution>
